
Microsoft Visual Studio Solution File, Format Version 12.00
# Visual Studio Version 17
VisualStudioVersion = 17.0.32002.185
MinimumVisualStudioVersion = 10.0.40219.1
Project("{8BC9CEB8-8B4A-11D0-8D11-00A0C91BC942}") = "OpenFL", "OpenFL.vcxproj", "{9245F6DF-32E4-45C1-A1F3-6DFEB3586204}"
EndProject
Global
	GlobalSection(SolutionConfigurationPlatforms) = preSolution
		Debug|x64 = Debug|x64
		Debug|x86 = Debug|x86
		Release|x64 = Release|x64
		Release|x86 = Release|x86
	EndGlobalSection
	GlobalSection(ProjectConfigurationPlatforms) = postSolution
		{9245F6DF-32E4-45C1-A1F3-6DFEB3586204}.Debug|x64.ActiveCfg = Debug|x64
		{9245F6DF-32E4-45C1-A1F3-6DFEB3586204}.Debug|x64.Build.0 = Debug|x64
		{9245F6DF-32E4-45C1-A1F3-6DFEB3586204}.Debug|x86.ActiveCfg = Debug|Win32
		{9245F6DF-32E4-45C1-A1F3-6DFEB3586204}.Debug|x86.Build.0 = Debug|Win32
		{9245F6DF-32E4-45C1-A1F3-6DFEB3586204}.Release|x64.ActiveCfg = Release|x64
		{9245F6DF-32E4-45C1-A1F3-6DFEB3586204}.Release|x64.Build.0 = Release|x64
		{9245F6DF-32E4-45C1-A1F3-6DFEB3586204}.Release|x86.ActiveCfg = Release|Win32
		{9245F6DF-32E4-45C1-A1F3-6DFEB3586204}.Release|x86.Build.0 = Release|Win32
	EndGlobalSection
	GlobalSection(SolutionProperties) = preSolution
		HideSolutionNode = FALSE
	EndGlobalSection
	GlobalSection(ExtensibilityGlobals) = postSolution
		SolutionGuid = {09F20493-5A3F-410F-BC1C-2E116DC31280}
	EndGlobalSection
EndGlobal
